
Microsoft Visual Studio Solution File, Format Version 12.00
# Visual Studio 14
VisualStudioVersion = 14.0.25420.1
MinimumVisualStudioVersion = 10.0.40219.1
Project("{581633EB-B896-402F-8E60-36F3DA191C85}") = "LSODATA", "LSODATA\LSODATA.lsxtproj", "{4CEED7C6-E0D8-4D7A-B95B-B117C7E84C4B}"
EndProject
Project("{FAE04EC0-301F-11D3-BF4B-00C04F79EFBC}") = "LSODATA.Server", "LSODATA\LSODATA.Server\LSODATA.Server.csproj", "{74312208-E05C-403B-9A11-09429260E9E8}"
EndProject
Project("{FAE04EC0-301F-11D3-BF4B-00C04F79EFBC}") = "LSODATA.Man", "LSODATA\LSODATA.Man\LSODATA.Man.csproj", "{D081365E-DAF6-465C-AA39-47ED7B872957}"
EndProject
Project("{262852C6-CD72-467D-83FE-5EEB1973A190}") = "LSODATA.App", "LSODATA\LSODATA.App\LSODATA.App.jsproj", "{85847FD8-4599-4022-94A0-59B8D78EB1F7}"
EndProject
Global
	GlobalSection(SolutionConfigurationPlatforms) = preSolution
		Debug|Any CPU = Debug|Any CPU
		Release|Any CPU = Release|Any CPU
	EndGlobalSection
	GlobalSection(ProjectConfigurationPlatforms) = postSolution
		{4CEED7C6-E0D8-4D7A-B95B-B117C7E84C4B}.Debug|Any CPU.ActiveCfg = Debug|Any CPU
		{4CEED7C6-E0D8-4D7A-B95B-B117C7E84C4B}.Debug|Any CPU.Build.0 = Debug|Any CPU
		{4CEED7C6-E0D8-4D7A-B95B-B117C7E84C4B}.Release|Any CPU.ActiveCfg = Release|Any CPU
		{4CEED7C6-E0D8-4D7A-B95B-B117C7E84C4B}.Release|Any CPU.Build.0 = Release|Any CPU
		{74312208-E05C-403B-9A11-09429260E9E8}.Debug|Any CPU.ActiveCfg = Debug|Any CPU
		{74312208-E05C-403B-9A11-09429260E9E8}.Debug|Any CPU.Build.0 = Debug|Any CPU
		{74312208-E05C-403B-9A11-09429260E9E8}.Release|Any CPU.ActiveCfg = Release|Any CPU
		{74312208-E05C-403B-9A11-09429260E9E8}.Release|Any CPU.Build.0 = Release|Any CPU
		{D081365E-DAF6-465C-AA39-47ED7B872957}.Debug|Any CPU.ActiveCfg = Debug|Any CPU
		{D081365E-DAF6-465C-AA39-47ED7B872957}.Debug|Any CPU.Build.0 = Debug|Any CPU
		{D081365E-DAF6-465C-AA39-47ED7B872957}.Release|Any CPU.ActiveCfg = Release|Any CPU
		{D081365E-DAF6-465C-AA39-47ED7B872957}.Release|Any CPU.Build.0 = Release|Any CPU
		{85847FD8-4599-4022-94A0-59B8D78EB1F7}.Debug|Any CPU.ActiveCfg = Debug|Any CPU
		{85847FD8-4599-4022-94A0-59B8D78EB1F7}.Debug|Any CPU.Build.0 = Debug|Any CPU
		{85847FD8-4599-4022-94A0-59B8D78EB1F7}.Release|Any CPU.ActiveCfg = Release|Any CPU
		{85847FD8-4599-4022-94A0-59B8D78EB1F7}.Release|Any CPU.Build.0 = Release|Any CPU
	EndGlobalSection
	GlobalSection(SolutionProperties) = preSolution
		HideSolutionNode = FALSE
	EndGlobalSection
EndGlobal
